# This file is automatically @generated by Cargo.
# It is not intended for manual editing.
version = 3

[[package]]
name = "aho-corasick"
version = "0.7.18"
source = "registry+https://github.com/rust-lang/crates.io-index"
checksum = "1e37cfd5e7657ada45f742d6e99ca5788580b5c529dc78faf11ece6dc702656f"
dependencies = [
 "memchr",
]

[[package]]
name = "anyhow"
version = "1.0.57"
source = "registry+https://github.com/rust-lang/crates.io-index"
checksum = "08f9b8508dccb7687a1d6c4ce66b2b0ecef467c94667de27d8d7fe1f8d2a9cdc"

[[package]]
name = "assert_cmd"
version = "2.0.4"
source = "registry+https://github.com/rust-lang/crates.io-index"
checksum = "93ae1ddd39efd67689deb1979d80bad3bf7f2b09c6e6117c8d1f2443b5e2f83e"
dependencies = [
 "bstr",
 "doc-comment",
 "predicates",
 "predicates-core",
 "predicates-tree",
 "wait-timeout",
]

[[package]]
name = "bstr"
version = "0.2.16"
source = "registry+https://github.com/rust-lang/crates.io-index"
checksum = "90682c8d613ad3373e66de8c6411e0ae2ab2571e879d2efbf73558cc66f21279"
dependencies = [
 "lazy_static",
 "memchr",
 "regex-automata",
]

[[package]]
name = "difflib"
version = "0.4.0"
source = "registry+https://github.com/rust-lang/crates.io-index"
checksum = "6184e33543162437515c2e2b48714794e37845ec9851711914eec9d308f6ebe8"

[[package]]
name = "doc-comment"
version = "0.3.3"
source = "registry+https://github.com/rust-lang/crates.io-index"
checksum = "fea41bba32d969b513997752735605054bc0dfa92b4c56bf1189f2e174be7a10"

[[package]]
name = "either"
version = "1.6.1"
source = "registry+https://github.com/rust-lang/crates.io-index"
checksum = "e78d4f1cc4ae33bbfc157ed5d5a5ef3bc29227303d595861deb238fcec4e9457"

[[package]]
name = "itertools"
version = "0.10.3"
source = "registry+https://github.com/rust-lang/crates.io-index"
checksum = "a9a9d19fa1e79b6215ff29b9d6880b706147f16e9b1dbb1e4e5947b5b02bc5e3"
dependencies = [
 "either",
]

[[package]]
name = "lazy_static"
version = "1.4.0"
source = "registry+https://github.com/rust-lang/crates.io-index"
checksum = "e2abad23fbc42b3700f2f279844dc832adb2b2eb069b2df918f455c4e18cc646"

[[package]]
name = "libc"
version = "0.2.97"
source = "registry+https://github.com/rust-lang/crates.io-index"
checksum = "12b8adadd720df158f4d70dfe7ccc6adb0472d7c55ca83445f6a5ab3e36f8fb6"

[[package]]
name = "memchr"
version = "2.4.0"
source = "registry+https://github.com/rust-lang/crates.io-index"
checksum = "b16bd47d9e329435e309c58469fe0791c2d0d1ba96ec0954152a5ae2b04387dc"

[[package]]
name = "pico-args"
version = "0.4.2"
source = "registry+https://github.com/rust-lang/crates.io-index"
checksum = "db8bcd96cb740d03149cbad5518db9fd87126a10ab519c011893b1754134c468"

[[package]]
name = "predicates"
version = "2.1.1"
source = "registry+https://github.com/rust-lang/crates.io-index"
checksum = "a5aab5be6e4732b473071984b3164dbbfb7a3674d30ea5ff44410b6bcd960c3c"
dependencies = [
 "difflib",
 "itertools",
 "predicates-core",
]

[[package]]
name = "predicates-core"
version = "1.0.2"
source = "registry+https://github.com/rust-lang/crates.io-index"
checksum = "57e35a3326b75e49aa85f5dc6ec15b41108cf5aee58eabb1f274dd18b73c2451"

[[package]]
name = "predicates-tree"
version = "1.0.2"
source = "registry+https://github.com/rust-lang/crates.io-index"
checksum = "15f553275e5721409451eb85e15fd9a860a6e5ab4496eb215987502b5f5391f2"
dependencies = [
 "predicates-core",
 "treeline",
]

[[package]]
name = "regex"
version = "1.5.6"
source = "registry+https://github.com/rust-lang/crates.io-index"
checksum = "d83f127d94bdbcda4c8cc2e50f6f84f4b611f69c902699ca385a39c3a75f9ff1"
dependencies = [
 "aho-corasick",
 "memchr",
 "regex-syntax",
]

[[package]]
name = "regex-automata"
version = "0.1.10"
source = "registry+https://github.com/rust-lang/crates.io-index"
checksum = "6c230d73fb8d8c1b9c0b3135c5142a8acee3a0558fb8db5cf1cb65f8d7862132"

[[package]]
name = "regex-syntax"
version = "0.6.26"
source = "registry+https://github.com/rust-lang/crates.io-index"
checksum = "49b3de9ec5dc0a3417da371aab17d729997c15010e7fd24ff707773a33bddb64"

[[package]]
name = "treeline"
version = "0.1.0"
source = "registry+https://github.com/rust-lang/crates.io-index"
checksum = "a7f741b240f1a48843f9b8e0444fb55fb2a4ff67293b50a9179dfd5ea67f8d41"

[[package]]
name = "tuc"
version = "0.8.0"
dependencies = [
 "anyhow",
 "assert_cmd",
 "pico-args",
 "regex",
]

[[package]]
name = "wait-timeout"
version = "0.2.0"
source = "registry+https://github.com/rust-lang/crates.io-index"
checksum = "9f200f5b12eb75f8c1ed65abd4b2db8a6e1b138a20de009dacee265a2498f3f6"
dependencies = [
 "libc",
]
